
Microsoft Visual Studio Solution File, Format Version 12.00
# Visual Studio 2013
VisualStudioVersion = 12.0.31101.0
MinimumVisualStudioVersion = 10.0.40219.1
Project("{FAE04EC0-301F-11D3-BF4B-00C04F79EFBC}") = "GameStore.WEB", "GameStore.WEB\GameStore.WEB.csproj", "{A041698E-E395-4540-A8C9-B12C94C5E905}"
EndProject
Project("{FAE04EC0-301F-11D3-BF4B-00C04F79EFBC}") = "GameStore.BLL", "GameStore.BLL\GameStore.BLL.csproj", "{2747BC98-A98D-4E58-8667-D23918184E63}"
EndProject
Project("{FAE04EC0-301F-11D3-BF4B-00C04F79EFBC}") = "GameStore.DAL", "GameStore.DAL\GameStore.DAL.csproj", "{A0CC82CA-97EE-44A9-A245-7DF1875318FB}"
EndProject
Project("{FAE04EC0-301F-11D3-BF4B-00C04F79EFBC}") = "GameStore.Test", "GameStore.Test\GameStore.Test.csproj", "{0A9B2577-C220-42D2-9FAB-6081D18F89E9}"
EndProject
Global
	GlobalSection(SolutionConfigurationPlatforms) = preSolution
		Debug|Any CPU = Debug|Any CPU
		Release|Any CPU = Release|Any CPU
	EndGlobalSection
	GlobalSection(ProjectConfigurationPlatforms) = postSolution
		{A041698E-E395-4540-A8C9-B12C94C5E905}.Debug|Any CPU.ActiveCfg = Debug|Any CPU
		{A041698E-E395-4540-A8C9-B12C94C5E905}.Debug|Any CPU.Build.0 = Debug|Any CPU
		{A041698E-E395-4540-A8C9-B12C94C5E905}.Release|Any CPU.ActiveCfg = Release|Any CPU
		{A041698E-E395-4540-A8C9-B12C94C5E905}.Release|Any CPU.Build.0 = Release|Any CPU
		{2747BC98-A98D-4E58-8667-D23918184E63}.Debug|Any CPU.ActiveCfg = Debug|Any CPU
		{2747BC98-A98D-4E58-8667-D23918184E63}.Debug|Any CPU.Build.0 = Debug|Any CPU
		{2747BC98-A98D-4E58-8667-D23918184E63}.Release|Any CPU.ActiveCfg = Release|Any CPU
		{2747BC98-A98D-4E58-8667-D23918184E63}.Release|Any CPU.Build.0 = Release|Any CPU
		{A0CC82CA-97EE-44A9-A245-7DF1875318FB}.Debug|Any CPU.ActiveCfg = Debug|Any CPU
		{A0CC82CA-97EE-44A9-A245-7DF1875318FB}.Debug|Any CPU.Build.0 = Debug|Any CPU
		{A0CC82CA-97EE-44A9-A245-7DF1875318FB}.Release|Any CPU.ActiveCfg = Release|Any CPU
		{A0CC82CA-97EE-44A9-A245-7DF1875318FB}.Release|Any CPU.Build.0 = Release|Any CPU
		{0A9B2577-C220-42D2-9FAB-6081D18F89E9}.Debug|Any CPU.ActiveCfg = Debug|Any CPU
		{0A9B2577-C220-42D2-9FAB-6081D18F89E9}.Debug|Any CPU.Build.0 = Debug|Any CPU
		{0A9B2577-C220-42D2-9FAB-6081D18F89E9}.Release|Any CPU.ActiveCfg = Release|Any CPU
		{0A9B2577-C220-42D2-9FAB-6081D18F89E9}.Release|Any CPU.Build.0 = Release|Any CPU
	EndGlobalSection
	GlobalSection(SolutionProperties) = preSolution
		HideSolutionNode = FALSE
	EndGlobalSection
EndGlobal
